{
    "_readme": [
        "This file locks the dependencies of your project to a known state",
        "Read more about it at https://getcomposer.org/doc/01-basic-usage.md#installing-dependencies",
        "This file is @generated automatically"
    ],
    "content-hash": "96d06714de0df2c418110f2ce8c91f85",
    "packages": [
        {
            "name": "phpfit/file",
            "version": "1.0.0",
            "source": {
                "type": "git",
                "url": "https://github.com/phpfit/file.git",
                "reference": "ec102235d60570b255b498d599f72616fd447610"
            },
            "dist": {
                "type": "zip",
                "url": "https://api.github.com/repos/phpfit/file/zipball/ec102235d60570b255b498d599f72616fd447610",
                "reference": "ec102235d60570b255b498d599f72616fd447610",
                "shasum": ""
            },
            "type": "library",
            "autoload": {
                "psr-4": {
                    "PhpFit\\File\\": "src/"
                }
            },
            "notification-url": "https://packagist.org/downloads/",
            "license": [
                "MIT"
            ],
            "authors": [
                {
                    "name": "Iqbal Fauzi",
                    "email": "iqbalfawz@gmail.com"
                }
            ],
            "description": "A simple library to work with local files",
            "support": {
                "issues": "https://github.com/phpfit/file/issues",
                "source": "https://github.com/phpfit/file/tree/1.0.0"
            },
            "time": "2025-08-14T07:15:30+00:00"
        },
        {
            "name": "phpfit/source-generator",
            "version": "1.0.1",
            "source": {
                "type": "git",
                "url": "https://github.com/phpfit/source-generator.git",
                "reference": "c32a5c4200d15dbebe66ab78b0c83345bc8f45e7"
            },
            "dist": {
                "type": "zip",
                "url": "https://api.github.com/repos/phpfit/source-generator/zipball/c32a5c4200d15dbebe66ab78b0c83345bc8f45e7",
                "reference": "c32a5c4200d15dbebe66ab78b0c83345bc8f45e7",
                "shasum": ""
            },
            "type": "library",
            "autoload": {
                "psr-4": {
                    "PhpFit\\SourceGenerator\\": "src/"
                }
            },
            "notification-url": "https://packagist.org/downloads/",
            "license": [
                "MIT"
            ],
            "authors": [
                {
                    "name": "Iqbal Fauzi",
                    "email": "iqbalfawz@gmail.com"
                }
            ],
            "description": "Source generator based on provided configs",
            "support": {
                "issues": "https://github.com/phpfit/source-generator/issues",
                "source": "https://github.com/phpfit/source-generator/tree/1.0.1"
            },
            "time": "2025-08-15T03:37:24+00:00"
        },
        {
            "name": "psr/simple-cache",
            "version": "3.0.0",
            "source": {
                "type": "git",
                "url": "https://github.com/php-fig/simple-cache.git",
                "reference": "764e0b3939f5ca87cb904f570ef9be2d78a07865"
            },
            "dist": {
                "type": "zip",
                "url": "https://api.github.com/repos/php-fig/simple-cache/zipball/764e0b3939f5ca87cb904f570ef9be2d78a07865",
                "reference": "764e0b3939f5ca87cb904f570ef9be2d78a07865",
                "shasum": ""
            },
            "require": {
                "php": ">=8.0.0"
            },
            "type": "library",
            "extra": {
                "branch-alias": {
                    "dev-master": "3.0.x-dev"
                }
            },
            "autoload": {
                "psr-4": {
                    "Psr\\SimpleCache\\": "src/"
                }
            },
            "notification-url": "https://packagist.org/downloads/",
            "license": [
                "MIT"
            ],
            "authors": [
                {
                    "name": "PHP-FIG",
                    "homepage": "https://www.php-fig.org/"
                }
            ],
            "description": "Common interfaces for simple caching",
            "keywords": [
                "cache",
                "caching",
                "psr",
                "psr-16",
                "simple-cache"
            ],
            "support": {
                "source": "https://github.com/php-fig/simple-cache/tree/3.0.0"
            },
            "time": "2021-10-29T13:26:27+00:00"
        }
    ],
    "packages-dev": [],
    "aliases": [],
    "minimum-stability": "stable",
    "stability-flags": [],
    "prefer-stable": false,
    "prefer-lowest": false,
    "platform": [],
    "platform-dev": [],
    "plugin-api-version": "2.6.0"
}
